// !$*UTF8*$!
{
	archiveVersion = 1;
	classes = {
	};
	objectVersion = 46;
	objects = {

/* Begin PBXBuildFile section */
		355939522C009851C19185ED /* libPods-WSManager.a in Frameworks */ = {isa = PBXBuildFile; fileRef = 11B84694B03AF4F529AA670D /* libPods-WSManager.a */; };
		E4B746201CFC40F10050A936 /* main.m in Sources */ = {isa = PBXBuildFile; fileRef = E4B7461F1CFC40F10050A936 /* main.m */; };
		E4B746231CFC40F10050A936 /* AppDelegate.m in Sources */ = {isa = PBXBuildFile; fileRef = E4B746221CFC40F10050A936 /* AppDelegate.m */; };
		E4B746261CFC40F10050A936 /* ViewController.m in Sources */ = {isa = PBXBuildFile; fileRef = E4B746251CFC40F10050A936 /* ViewController.m */; };
		E4B746291CFC40F10050A936 /* Main.storyboard in Resources */ = {isa = PBXBuildFile; fileRef = E4B746271CFC40F10050A936 /* Main.storyboard */; };
		E4B7462B1CFC40F20050A936 /* Assets.xcassets in Resources */ = {isa = PBXBuildFile; fileRef = E4B7462A1CFC40F20050A936 /* Assets.xcassets */; };
		E4B7462E1CFC40F20050A936 /* LaunchScreen.storyboard in Resources */ = {isa = PBXBuildFile; fileRef = E4B7462C1CFC40F20050A936 /* LaunchScreen.storyboard */; };
		E4B746E91CFC66120050A936 /* APIManager.m in Sources */ = {isa = PBXBuildFile; fileRef = E4B746E81CFC66120050A936 /* APIManager.m */; };
		E4B746EC1CFC66200050A936 /* APIBaseObject.m in Sources */ = {isa = PBXBuildFile; fileRef = E4B746EB1CFC66200050A936 /* APIBaseObject.m */; };
		E4B746F01CFC66970050A936 /* APIErrorProcessor.m in Sources */ = {isa = PBXBuildFile; fileRef = E4B746EF1CFC66970050A936 /* APIErrorProcessor.m */; };
/* End PBXBuildFile section */

/* Begin PBXFileReference section */
		11B84694B03AF4F529AA670D /* libPods-WSManager.a */ = {isa = PBXFileReference; explicitFileType = archive.ar; includeInIndex = 0; path = "libPods-WSManager.a"; sourceTree = BUILT_PRODUCTS_DIR; };
		AE8141942C73D252023E5B79 /* Pods-WSManager.debug.xcconfig */ = {isa = PBXFileReference; includeInIndex = 1; lastKnownFileType = text.xcconfig; name = "Pods-WSManager.debug.xcconfig"; path = "Pods/Target Support Files/Pods-WSManager/Pods-WSManager.debug.xcconfig"; sourceTree = "<group>"; };
		B2BF95A8DFB0570C2B8A6805 /* Pods-WSManager.release.xcconfig */ = {isa = PBXFileReference; includeInIndex = 1; lastKnownFileType = text.xcconfig; name = "Pods-WSManager.release.xcconfig"; path = "Pods/Target Support Files/Pods-WSManager/Pods-WSManager.release.xcconfig"; sourceTree = "<group>"; };
		E4B7461B1CFC40F10050A936 /* WSManager.app */ = {isa = PBXFileReference; explicitFileType = wrapper.application; includeInIndex = 0; path = WSManager.app; sourceTree = BUILT_PRODUCTS_DIR; };
		E4B7461F1CFC40F10050A936 /* main.m */ = {isa = PBXFileReference; lastKnownFileType = sourcecode.c.objc; path = main.m; sourceTree = "<group>"; };
		E4B746211CFC40F10050A936 /* AppDelegate.h */ = {isa = PBXFileReference; lastKnownFileType = sourcecode.c.h; name = AppDelegate.h; path = ../AppDelegate.h; sourceTree = "<group>"; };
		E4B746221CFC40F10050A936 /* AppDelegate.m */ = {isa = PBXFileReference; lastKnownFileType = sourcecode.c.objc; name = AppDelegate.m; path = ../AppDelegate.m; sourceTree = "<group>"; };
		E4B746241CFC40F10050A936 /* ViewController.h */ = {isa = PBXFileReference; lastKnownFileType = sourcecode.c.h; name = ViewController.h; path = ../ViewController.h; sourceTree = "<group>"; };
		E4B746251CFC40F10050A936 /* ViewController.m */ = {isa = PBXFileReference; lastKnownFileType = sourcecode.c.objc; name = ViewController.m; path = ../ViewController.m; sourceTree = "<group>"; };
		E4B746281CFC40F10050A936 /* Base */ = {isa = PBXFileReference; lastKnownFileType = file.storyboard; name = Base; path = Base.lproj/Main.storyboard; sourceTree = "<group>"; };
		E4B7462A1CFC40F20050A936 /* Assets.xcassets */ = {isa = PBXFileReference; lastKnownFileType = folder.assetcatalog; path = Assets.xcassets; sourceTree = "<group>"; };
		E4B7462D1CFC40F20050A936 /* Base */ = {isa = PBXFileReference; lastKnownFileType = file.storyboard; name = Base; path = Base.lproj/LaunchScreen.storyboard; sourceTree = "<group>"; };
		E4B7462F1CFC40F20050A936 /* Info.plist */ = {isa = PBXFileReference; lastKnownFileType = text.plist.xml; path = Info.plist; sourceTree = "<group>"; };
		E4B746E01CFC4E400050A936 /* Macros.h */ = {isa = PBXFileReference; lastKnownFileType = sourcecode.c.h; path = Macros.h; sourceTree = "<group>"; };
		E4B746E71CFC66120050A936 /* APIManager.h */ = {isa = PBXFileReference; fileEncoding = 4; lastKnownFileType = sourcecode.c.h; path = APIManager.h; sourceTree = "<group>"; };
		E4B746E81CFC66120050A936 /* APIManager.m */ = {isa = PBXFileReference; fileEncoding = 4; lastKnownFileType = sourcecode.c.objc; path = APIManager.m; sourceTree = "<group>"; };
		E4B746EA1CFC66200050A936 /* APIBaseObject.h */ = {isa = PBXFileReference; fileEncoding = 4; lastKnownFileType = sourcecode.c.h; path = APIBaseObject.h; sourceTree = "<group>"; };
		E4B746EB1CFC66200050A936 /* APIBaseObject.m */ = {isa = PBXFileReference; fileEncoding = 4; lastKnownFileType = sourcecode.c.objc; path = APIBaseObject.m; sourceTree = "<group>"; };
		E4B746EE1CFC66970050A936 /* APIErrorProcessor.h */ = {isa = PBXFileReference; fileEncoding = 4; lastKnownFileType = sourcecode.c.h; path = APIErrorProcessor.h; sourceTree = "<group>"; };
		E4B746EF1CFC66970050A936 /* APIErrorProcessor.m */ = {isa = PBXFileReference; fileEncoding = 4; lastKnownFileType = sourcecode.c.objc; path = APIErrorProcessor.m; sourceTree = "<group>"; };
/* End PBXFileReference section */

/* Begin PBXFrameworksBuildPhase section */
		E4B746181CFC40F10050A936 /* Frameworks */ = {
			isa = PBXFrameworksBuildPhase;
			buildActionMask = 2147483647;
			files = (
				355939522C009851C19185ED /* libPods-WSManager.a in Frameworks */,
			);
			runOnlyForDeploymentPostprocessing = 0;
		};
/* End PBXFrameworksBuildPhase section */

/* Begin PBXGroup section */
		411DAE48120B6197CD9BFA74 /* Frameworks */ = {
			isa = PBXGroup;
			children = (
				11B84694B03AF4F529AA670D /* libPods-WSManager.a */,
			);
			name = Frameworks;
			sourceTree = "<group>";
		};
		E4B746121CFC40F10050A936 = {
			isa = PBXGroup;
			children = (
				E4B7461D1CFC40F10050A936 /* WSManager */,
				E4B7461C1CFC40F10050A936 /* Products */,
				EA237CAE687E6A787CA1A5AF /* Pods */,
				411DAE48120B6197CD9BFA74 /* Frameworks */,
			);
			sourceTree = "<group>";
		};
		E4B7461C1CFC40F10050A936 /* Products */ = {
			isa = PBXGroup;
			children = (
				E4B7461B1CFC40F10050A936 /* WSManager.app */,
			);
			name = Products;
			sourceTree = "<group>";
		};
		E4B7461D1CFC40F10050A936 /* WSManager */ = {
			isa = PBXGroup;
			children = (
				E4B746DF1CFC4DEA0050A936 /* Controllers */,
				E4B746C01CFC4DC50050A936 /* Services */,
				E4B746271CFC40F10050A936 /* Main.storyboard */,
				E4B7462A1CFC40F20050A936 /* Assets.xcassets */,
				E4B7462C1CFC40F20050A936 /* LaunchScreen.storyboard */,
				E4B7462F1CFC40F20050A936 /* Info.plist */,
				E4B7461E1CFC40F10050A936 /* Supporting Files */,
			);
			path = WSManager;
			sourceTree = "<group>";
		};
		E4B7461E1CFC40F10050A936 /* Supporting Files */ = {
			isa = PBXGroup;
			children = (
				E4B746E01CFC4E400050A936 /* Macros.h */,
				E4B7461F1CFC40F10050A936 /* main.m */,
			);
			name = "Supporting Files";
			sourceTree = "<group>";
		};
		E4B746C01CFC4DC50050A936 /* Services */ = {
			isa = PBXGroup;
			children = (
				E4B746ED1CFC66800050A936 /* APIErrorProcessor */,
				E4B746E61CFC654A0050A936 /* APIManager */,
				E4B746E51CFC65250050A936 /* APIBaseObject */,
			);
			path = Services;
			sourceTree = "<group>";
		};
		E4B746DF1CFC4DEA0050A936 /* Controllers */ = {
			isa = PBXGroup;
			children = (
				E4B746211CFC40F10050A936 /* AppDelegate.h */,
				E4B746221CFC40F10050A936 /* AppDelegate.m */,
				E4B746241CFC40F10050A936 /* ViewController.h */,
				E4B746251CFC40F10050A936 /* ViewController.m */,
			);
			path = Controllers;
			sourceTree = "<group>";
		};
		E4B746E51CFC65250050A936 /* APIBaseObject */ = {
			isa = PBXGroup;
			children = (
				E4B746EA1CFC66200050A936 /* APIBaseObject.h */,
				E4B746EB1CFC66200050A936 /* APIBaseObject.m */,
			);
			path = APIBaseObject;
			sourceTree = "<group>";
		};
		E4B746E61CFC654A0050A936 /* APIManager */ = {
			isa = PBXGroup;
			children = (
				E4B746E71CFC66120050A936 /* APIManager.h */,
				E4B746E81CFC66120050A936 /* APIManager.m */,
			);
			name = APIManager;
			sourceTree = "<group>";
		};
		E4B746ED1CFC66800050A936 /* APIErrorProcessor */ = {
			isa = PBXGroup;
			children = (
				E4B746EE1CFC66970050A936 /* APIErrorProcessor.h */,
				E4B746EF1CFC66970050A936 /* APIErrorProcessor.m */,
			);
			name = APIErrorProcessor;
			sourceTree = "<group>";
		};
		EA237CAE687E6A787CA1A5AF /* Pods */ = {
			isa = PBXGroup;
			children = (
				AE8141942C73D252023E5B79 /* Pods-WSManager.debug.xcconfig */,
				B2BF95A8DFB0570C2B8A6805 /* Pods-WSManager.release.xcconfig */,
			);
			name = Pods;
			sourceTree = "<group>";
		};
/* End PBXGroup section */

/* Begin PBXNativeTarget section */
		E4B7461A1CFC40F10050A936 /* WSManager */ = {
			isa = PBXNativeTarget;
			buildConfigurationList = E4B746321CFC40F20050A936 /* Build configuration list for PBXNativeTarget "WSManager" */;
			buildPhases = (
				522D613C26FE96600793C50D /* 📦 Check Pods Manifest.lock */,
				E4B746171CFC40F10050A936 /* Sources */,
				E4B746181CFC40F10050A936 /* Frameworks */,
				E4B746191CFC40F10050A936 /* Resources */,
				21F516FFDD59489E4FE69F99 /* 📦 Embed Pods Frameworks */,
				A389F4C3E584C7668112FDFE /* 📦 Copy Pods Resources */,
			);
			buildRules = (
			);
			dependencies = (
			);
			name = WSManager;
			productName = WSManager;
			productReference = E4B7461B1CFC40F10050A936 /* WSManager.app */;
			productType = "com.apple.product-type.application";
		};
/* End PBXNativeTarget section */

/* Begin PBXProject section */
		E4B746131CFC40F10050A936 /* Project object */ = {
			isa = PBXProject;
			attributes = {
				LastUpgradeCheck = 0730;
				ORGANIZATIONNAME = "Huy Hoang ";
				TargetAttributes = {
					E4B7461A1CFC40F10050A936 = {
						CreatedOnToolsVersion = 7.3;
					};
				};
			};
			buildConfigurationList = E4B746161CFC40F10050A936 /* Build configuration list for PBXProject "WSManager" */;
			compatibilityVersion = "Xcode 3.2";
			developmentRegion = English;
			hasScannedForEncodings = 0;
			knownRegions = (
				en,
				Base,
			);
			mainGroup = E4B746121CFC40F10050A936;
			productRefGroup = E4B7461C1CFC40F10050A936 /* Products */;
			projectDirPath = "";
			projectRoot = "";
			targets = (
				E4B7461A1CFC40F10050A936 /* WSManager */,
			);
		};
/* End PBXProject section */

/* Begin PBXResourcesBuildPhase section */
		E4B746191CFC40F10050A936 /* Resources */ = {
			isa = PBXResourcesBuildPhase;
			buildActionMask = 2147483647;
			files = (
				E4B7462E1CFC40F20050A936 /* LaunchScreen.storyboard in Resources */,
				E4B7462B1CFC40F20050A936 /* Assets.xcassets in Resources */,
				E4B746291CFC40F10050A936 /* Main.storyboard in Resources */,
			);
			runOnlyForDeploymentPostprocessing = 0;
		};
/* End PBXResourcesBuildPhase section */

/* Begin PBXShellScriptBuildPhase section */
		21F516FFDD59489E4FE69F99 /* 📦 Embed Pods Frameworks */ = {
			isa = PBXShellScriptBuildPhase;
			buildActionMask = 2147483647;
			files = (
			);
			inputPaths = (
			);
			name = "📦 Embed Pods Frameworks";
			outputPaths = (
			);
			runOnlyForDeploymentPostprocessing = 0;
			shellPath = /bin/sh;
			shellScript = "\"${SRCROOT}/Pods/Target Support Files/Pods-WSManager/Pods-WSManager-frameworks.sh\"\n";
			showEnvVarsInLog = 0;
		};
		522D613C26FE96600793C50D /* 📦 Check Pods Manifest.lock */ = {
			isa = PBXShellScriptBuildPhase;
			buildActionMask = 2147483647;
			files = (
			);
			inputPaths = (
			);
			name = "📦 Check Pods Manifest.lock";
			outputPaths = (
			);
			runOnlyForDeploymentPostprocessing = 0;
			shellPath = /bin/sh;
			shellScript = "diff \"${PODS_ROOT}/../Podfile.lock\" \"${PODS_ROOT}/Manifest.lock\" > /dev/null\nif [[ $? != 0 ]] ; then\n    cat << EOM\nerror: The sandbox is not in sync with the Podfile.lock. Run 'pod install' or update your CocoaPods installation.\nEOM\n    exit 1\nfi\n";
			showEnvVarsInLog = 0;
		};
		A389F4C3E584C7668112FDFE /* 📦 Copy Pods Resources */ = {
			isa = PBXShellScriptBuildPhase;
			buildActionMask = 2147483647;
			files = (
			);
			inputPaths = (
			);
			name = "📦 Copy Pods Resources";
			outputPaths = (
			);
			runOnlyForDeploymentPostprocessing = 0;
			shellPath = /bin/sh;
			shellScript = "\"${SRCROOT}/Pods/Target Support Files/Pods-WSManager/Pods-WSManager-resources.sh\"\n";
			showEnvVarsInLog = 0;
		};
/* End PBXShellScriptBuildPhase section */

/* Begin PBXSourcesBuildPhase section */
		E4B746171CFC40F10050A936 /* Sources */ = {
			isa = PBXSourcesBuildPhase;
			buildActionMask = 2147483647;
			files = (
				E4B746E91CFC66120050A936 /* APIManager.m in Sources */,
				E4B746EC1CFC66200050A936 /* APIBaseObject.m in Sources */,
				E4B746F01CFC66970050A936 /* APIErrorProcessor.m in Sources */,
				E4B746261CFC40F10050A936 /* ViewController.m in Sources */,
				E4B746231CFC40F10050A936 /* AppDelegate.m in Sources */,
				E4B746201CFC40F10050A936 /* main.m in Sources */,
			);
			runOnlyForDeploymentPostprocessing = 0;
		};
/* End PBXSourcesBuildPhase section */

/* Begin PBXVariantGroup section */
		E4B746271CFC40F10050A936 /* Main.storyboard */ = {
			isa = PBXVariantGroup;
			children = (
				E4B746281CFC40F10050A936 /* Base */,
			);
			name = Main.storyboard;
			sourceTree = "<group>";
		};
		E4B7462C1CFC40F20050A936 /* LaunchScreen.storyboard */ = {
			isa = PBXVariantGroup;
			children = (
				E4B7462D1CFC40F20050A936 /* Base */,
			);
			name = LaunchScreen.storyboard;
			sourceTree = "<group>";
		};
/* End PBXVariantGroup section */

/* Begin XCBuildConfiguration section */
		E4B746301CFC40F20050A936 /* Debug */ = {
			isa = XCBuildConfiguration;
			buildSettings = {
				ALWAYS_SEARCH_USER_PATHS = NO;
				CLANG_ANALYZER_NONNULL = YES;
				CLANG_CXX_LANGUAGE_STANDARD = "gnu++0x";
				CLANG_CXX_LIBRARY = "libc++";
				CLANG_ENABLE_MODULES = YES;
				CLANG_ENABLE_OBJC_ARC = YES;
				CLANG_WARN_BOOL_CONVERSION = YES;
				CLANG_WARN_CONSTANT_CONVERSION = YES;
				CLANG_WARN_DIRECT_OBJC_ISA_USAGE = YES_ERROR;
				CLANG_WARN_EMPTY_BODY = YES;
				CLANG_WARN_ENUM_CONVERSION = YES;
				CLANG_WARN_INT_CONVERSION = YES;
				CLANG_WARN_OBJC_ROOT_CLASS = YES_ERROR;
				CLANG_WARN_UNREACHABLE_CODE = YES;
				CLANG_WARN__DUPLICATE_METHOD_MATCH = YES;
				"CODE_SIGN_IDENTITY[sdk=iphoneos*]" = "iPhone Developer";
				COPY_PHASE_STRIP = NO;
				DEBUG_INFORMATION_FORMAT = dwarf;
				ENABLE_STRICT_OBJC_MSGSEND = YES;
				ENABLE_TESTABILITY = YES;
				GCC_C_LANGUAGE_STANDARD = gnu99;
				GCC_DYNAMIC_NO_PIC = NO;
				GCC_NO_COMMON_BLOCKS = YES;
				GCC_OPTIMIZATION_LEVEL = 0;
				GCC_PREPROCESSOR_DEFINITIONS = (
					"DEBUG=1",
					"$(inherited)",
				);
				GCC_WARN_64_TO_32_BIT_CONVERSION = YES;
				GCC_WARN_ABOUT_RETURN_TYPE = YES_ERROR;
				GCC_WARN_UNDECLARED_SELECTOR = YES;
				GCC_WARN_UNINITIALIZED_AUTOS = YES_AGGRESSIVE;
				GCC_WARN_UNUSED_FUNCTION = YES;
				GCC_WARN_UNUSED_VARIABLE = YES;
				IPHONEOS_DEPLOYMENT_TARGET = 9.3;
				MTL_ENABLE_DEBUG_INFO = YES;
				ONLY_ACTIVE_ARCH = YES;
				SDKROOT = iphoneos;
				TARGETED_DEVICE_FAMILY = "1,2";
			};
			name = Debug;
		};
		E4B746311CFC40F20050A936 /* Release */ = {
			isa = XCBuildConfiguration;
			buildSettings = {
				ALWAYS_SEARCH_USER_PATHS = NO;
				CLANG_ANALYZER_NONNULL = YES;
				CLANG_CXX_LANGUAGE_STANDARD = "gnu++0x";
				CLANG_CXX_LIBRARY = "libc++";
				CLANG_ENABLE_MODULES = YES;
				CLANG_ENABLE_OBJC_ARC = YES;
				CLANG_WARN_BOOL_CONVERSION = YES;
				CLANG_WARN_CONSTANT_CONVERSION = YES;
				CLANG_WARN_DIRECT_OBJC_ISA_USAGE = YES_ERROR;
				CLANG_WARN_EMPTY_BODY = YES;
				CLANG_WARN_ENUM_CONVERSION = YES;
				CLANG_WARN_INT_CONVERSION = YES;
				CLANG_WARN_OBJC_ROOT_CLASS = YES_ERROR;
				CLANG_WARN_UNREACHABLE_CODE = YES;
				CLANG_WARN__DUPLICATE_METHOD_MATCH = YES;
				"CODE_SIGN_IDENTITY[sdk=iphoneos*]" = "iPhone Developer";
				COPY_PHASE_STRIP = NO;
				DEBUG_INFORMATION_FORMAT = "dwarf-with-dsym";
				ENABLE_NS_ASSERTIONS = NO;
				ENABLE_STRICT_OBJC_MSGSEND = YES;
				GCC_C_LANGUAGE_STANDARD = gnu99;
				GCC_NO_COMMON_BLOCKS = YES;
				GCC_WARN_64_TO_32_BIT_CONVERSION = YES;
				GCC_WARN_ABOUT_RETURN_TYPE = YES_ERROR;
				GCC_WARN_UNDECLARED_SELECTOR = YES;
				GCC_WARN_UNINITIALIZED_AUTOS = YES_AGGRESSIVE;
				GCC_WARN_UNUSED_FUNCTION = YES;
				GCC_WARN_UNUSED_VARIABLE = YES;
				IPHONEOS_DEPLOYMENT_TARGET = 9.3;
				MTL_ENABLE_DEBUG_INFO = NO;
				SDKROOT = iphoneos;
				TARGETED_DEVICE_FAMILY = "1,2";
				VALIDATE_PRODUCT = YES;
			};
			name = Release;
		};
		E4B746331CFC40F20050A936 /* Debug */ = {
			isa = XCBuildConfiguration;
			baseConfigurationReference = AE8141942C73D252023E5B79 /* Pods-WSManager.debug.xcconfig */;
			buildSettings = {
				ASSETCATALOG_COMPILER_APPICON_NAME = AppIcon;
				INFOPLIST_FILE = WSManager/Info.plist;
				LD_RUNPATH_SEARCH_PATHS = "$(inherited) @executable_path/Frameworks";
				PRODUCT_BUNDLE_IDENTIFIER = com.hoangk55cd.WSManager;
				PRODUCT_NAME = "$(TARGET_NAME)";
			};
			name = Debug;
		};
		E4B746341CFC40F20050A936 /* Release */ = {
			isa = XCBuildConfiguration;
			baseConfigurationReference = B2BF95A8DFB0570C2B8A6805 /* Pods-WSManager.release.xcconfig */;
			buildSettings = {
				ASSETCATALOG_COMPILER_APPICON_NAME = AppIcon;
				INFOPLIST_FILE = WSManager/Info.plist;
				LD_RUNPATH_SEARCH_PATHS = "$(inherited) @executable_path/Frameworks";
				PRODUCT_BUNDLE_IDENTIFIER = com.hoangk55cd.WSManager;
				PRODUCT_NAME = "$(TARGET_NAME)";
			};
			name = Release;
		};
/* End XCBuildConfiguration section */

/* Begin XCConfigurationList section */
		E4B746161CFC40F10050A936 /* Build configuration list for PBXProject "WSManager" */ = {
			isa = XCConfigurationList;
			buildConfigurations = (
				E4B746301CFC40F20050A936 /* Debug */,
				E4B746311CFC40F20050A936 /* Release */,
			);
			defaultConfigurationIsVisible = 0;
			defaultConfigurationName = Release;
		};
		E4B746321CFC40F20050A936 /* Build configuration list for PBXNativeTarget "WSManager" */ = {
			isa = XCConfigurationList;
			buildConfigurations = (
				E4B746331CFC40F20050A936 /* Debug */,
				E4B746341CFC40F20050A936 /* Release */,
			);
			defaultConfigurationIsVisible = 0;
			defaultConfigurationName = Release;
		};
/* End XCConfigurationList section */
	};
	rootObject = E4B746131CFC40F10050A936 /* Project object */;
}
